// !$*UTF8*$!
{
	archiveVersion = 1;
	classes = {
	};
	objectVersion = 46;
	objects = {

/* Begin PBXBuildFile section */
		4396488B18C4E13200AB7069 /* Foundation.framework in Frameworks */ = {isa = PBXBuildFile; fileRef = 4396488A18C4E13200AB7069 /* Foundation.framework */; };
		4396488D18C4E13200AB7069 /* CoreGraphics.framework in Frameworks */ = {isa = PBXBuildFile; fileRef = 4396488C18C4E13200AB7069 /* CoreGraphics.framework */; };
		4396488F18C4E13200AB7069 /* UIKit.framework in Frameworks */ = {isa = PBXBuildFile; fileRef = 4396488E18C4E13200AB7069 /* UIKit.framework */; };
		4396489518C4E13200AB7069 /* InfoPlist.strings in Resources */ = {isa = PBXBuildFile; fileRef = 4396489318C4E13200AB7069 /* InfoPlist.strings */; };
		4396489718C4E13200AB7069 /* main.m in Sources */ = {isa = PBXBuildFile; fileRef = 4396489618C4E13200AB7069 /* main.m */; };
		4396489B18C4E13200AB7069 /* AppDelegate.m in Sources */ = {isa = PBXBuildFile; fileRef = 4396489A18C4E13200AB7069 /* AppDelegate.m */; };
		4396489E18C4E13200AB7069 /* Main.storyboard in Resources */ = {isa = PBXBuildFile; fileRef = 4396489C18C4E13200AB7069 /* Main.storyboard */; };
		439648A118C4E13200AB7069 /* ViewController.m in Sources */ = {isa = PBXBuildFile; fileRef = 439648A018C4E13200AB7069 /* ViewController.m */; };
		439648A318C4E13200AB7069 /* Images.xcassets in Resources */ = {isa = PBXBuildFile; fileRef = 439648A218C4E13200AB7069 /* Images.xcassets */; };
		439648AA18C4E13200AB7069 /* XCTest.framework in Frameworks */ = {isa = PBXBuildFile; fileRef = 439648A918C4E13200AB7069 /* XCTest.framework */; };
		439648AB18C4E13200AB7069 /* Foundation.framework in Frameworks */ = {isa = PBXBuildFile; fileRef = 4396488A18C4E13200AB7069 /* Foundation.framework */; };
		439648AC18C4E13200AB7069 /* UIKit.framework in Frameworks */ = {isa = PBXBuildFile; fileRef = 4396488E18C4E13200AB7069 /* UIKit.framework */; };
		439648B418C4E13200AB7069 /* InfoPlist.strings in Resources */ = {isa = PBXBuildFile; fileRef = 439648B218C4E13200AB7069 /* InfoPlist.strings */; };
		439648B618C4E13200AB7069 /* CatMemeTests.m in Sources */ = {isa = PBXBuildFile; fileRef = 439648B518C4E13200AB7069 /* CatMemeTests.m */; };
/* End PBXBuildFile section */

/* Begin PBXContainerItemProxy section */
		439648AD18C4E13200AB7069 /* PBXContainerItemProxy */ = {
			isa = PBXContainerItemProxy;
			containerPortal = 4396487F18C4E13200AB7069 /* Project object */;
			proxyType = 1;
			remoteGlobalIDString = 4396488618C4E13200AB7069;
			remoteInfo = CatMeme;
		};
/* End PBXContainerItemProxy section */

/* Begin PBXFileReference section */
		4396488718C4E13200AB7069 /* CatMeme.app */ = {isa = PBXFileReference; explicitFileType = wrapper.application; includeInIndex = 0; path = CatMeme.app; sourceTree = BUILT_PRODUCTS_DIR; };
		4396488A18C4E13200AB7069 /* Foundation.framework */ = {isa = PBXFileReference; lastKnownFileType = wrapper.framework; name = Foundation.framework; path = System/Library/Frameworks/Foundation.framework; sourceTree = SDKROOT; };
		4396488C18C4E13200AB7069 /* CoreGraphics.framework */ = {isa = PBXFileReference; lastKnownFileType = wrapper.framework; name = CoreGraphics.framework; path = System/Library/Frameworks/CoreGraphics.framework; sourceTree = SDKROOT; };
		4396488E18C4E13200AB7069 /* UIKit.framework */ = {isa = PBXFileReference; lastKnownFileType = wrapper.framework; name = UIKit.framework; path = System/Library/Frameworks/UIKit.framework; sourceTree = SDKROOT; };
		4396489218C4E13200AB7069 /* CatMeme-Info.plist */ = {isa = PBXFileReference; lastKnownFileType = text.plist.xml; path = "CatMeme-Info.plist"; sourceTree = "<group>"; };
		4396489418C4E13200AB7069 /* en */ = {isa = PBXFileReference; lastKnownFileType = text.plist.strings; name = en; path = en.lproj/InfoPlist.strings; sourceTree = "<group>"; };
		4396489618C4E13200AB7069 /* main.m */ = {isa = PBXFileReference; lastKnownFileType = sourcecode.c.objc; path = main.m; sourceTree = "<group>"; };
		4396489818C4E13200AB7069 /* CatMeme-Prefix.pch */ = {isa = PBXFileReference; lastKnownFileType = sourcecode.c.h; path = "CatMeme-Prefix.pch"; sourceTree = "<group>"; };
		4396489918C4E13200AB7069 /* AppDelegate.h */ = {isa = PBXFileReference; lastKnownFileType = sourcecode.c.h; path = AppDelegate.h; sourceTree = "<group>"; };
		4396489A18C4E13200AB7069 /* AppDelegate.m */ = {isa = PBXFileReference; lastKnownFileType = sourcecode.c.objc; path = AppDelegate.m; sourceTree = "<group>"; };
		4396489D18C4E13200AB7069 /* Base */ = {isa = PBXFileReference; lastKnownFileType = file.storyboard; name = Base; path = Base.lproj/Main.storyboard; sourceTree = "<group>"; };
		4396489F18C4E13200AB7069 /* ViewController.h */ = {isa = PBXFileReference; lastKnownFileType = sourcecode.c.h; path = ViewController.h; sourceTree = "<group>"; };
		439648A018C4E13200AB7069 /* ViewController.m */ = {isa = PBXFileReference; lastKnownFileType = sourcecode.c.objc; path = ViewController.m; sourceTree = "<group>"; };
		439648A218C4E13200AB7069 /* Images.xcassets */ = {isa = PBXFileReference; lastKnownFileType = folder.assetcatalog; path = Images.xcassets; sourceTree = "<group>"; };
		439648A818C4E13200AB7069 /* CatMemeTests.xctest */ = {isa = PBXFileReference; explicitFileType = wrapper.cfbundle; includeInIndex = 0; path = CatMemeTests.xctest; sourceTree = BUILT_PRODUCTS_DIR; };
		439648A918C4E13200AB7069 /* XCTest.framework */ = {isa = PBXFileReference; lastKnownFileType = wrapper.framework; name = XCTest.framework; path = Library/Frameworks/XCTest.framework; sourceTree = DEVELOPER_DIR; };
		439648B118C4E13200AB7069 /* CatMemeTests-Info.plist */ = {isa = PBXFileReference; lastKnownFileType = text.plist.xml; path = "CatMemeTests-Info.plist"; sourceTree = "<group>"; };
		439648B318C4E13200AB7069 /* en */ = {isa = PBXFileReference; lastKnownFileType = text.plist.strings; name = en; path = en.lproj/InfoPlist.strings; sourceTree = "<group>"; };
		439648B518C4E13200AB7069 /* CatMemeTests.m */ = {isa = PBXFileReference; lastKnownFileType = sourcecode.c.objc; path = CatMemeTests.m; sourceTree = "<group>"; };
/* End PBXFileReference section */

/* Begin PBXFrameworksBuildPhase section */
		4396488418C4E13200AB7069 /* Frameworks */ = {
			isa = PBXFrameworksBuildPhase;
			buildActionMask = 2147483647;
			files = (
				4396488D18C4E13200AB7069 /* CoreGraphics.framework in Frameworks */,
				4396488F18C4E13200AB7069 /* UIKit.framework in Frameworks */,
				4396488B18C4E13200AB7069 /* Foundation.framework in Frameworks */,
			);
			runOnlyForDeploymentPostprocessing = 0;
		};
		439648A518C4E13200AB7069 /* Frameworks */ = {
			isa = PBXFrameworksBuildPhase;
			buildActionMask = 2147483647;
			files = (
				439648AA18C4E13200AB7069 /* XCTest.framework in Frameworks */,
				439648AC18C4E13200AB7069 /* UIKit.framework in Frameworks */,
				439648AB18C4E13200AB7069 /* Foundation.framework in Frameworks */,
			);
			runOnlyForDeploymentPostprocessing = 0;
		};
/* End PBXFrameworksBuildPhase section */

/* Begin PBXGroup section */
		4396487E18C4E13200AB7069 = {
			isa = PBXGroup;
			children = (
				4396489018C4E13200AB7069 /* CatMeme */,
				439648AF18C4E13200AB7069 /* CatMemeTests */,
				4396488918C4E13200AB7069 /* Frameworks */,
				4396488818C4E13200AB7069 /* Products */,
			);
			sourceTree = "<group>";
		};
		4396488818C4E13200AB7069 /* Products */ = {
			isa = PBXGroup;
			children = (
				4396488718C4E13200AB7069 /* CatMeme.app */,
				439648A818C4E13200AB7069 /* CatMemeTests.xctest */,
			);
			name = Products;
			sourceTree = "<group>";
		};
		4396488918C4E13200AB7069 /* Frameworks */ = {
			isa = PBXGroup;
			children = (
				4396488A18C4E13200AB7069 /* Foundation.framework */,
				4396488C18C4E13200AB7069 /* CoreGraphics.framework */,
				4396488E18C4E13200AB7069 /* UIKit.framework */,
				439648A918C4E13200AB7069 /* XCTest.framework */,
			);
			name = Frameworks;
			sourceTree = "<group>";
		};
		4396489018C4E13200AB7069 /* CatMeme */ = {
			isa = PBXGroup;
			children = (
				4396489918C4E13200AB7069 /* AppDelegate.h */,
				4396489A18C4E13200AB7069 /* AppDelegate.m */,
				4396489C18C4E13200AB7069 /* Main.storyboard */,
				4396489F18C4E13200AB7069 /* ViewController.h */,
				439648A018C4E13200AB7069 /* ViewController.m */,
				439648A218C4E13200AB7069 /* Images.xcassets */,
				4396489118C4E13200AB7069 /* Supporting Files */,
			);
			path = CatMeme;
			sourceTree = "<group>";
		};
		4396489118C4E13200AB7069 /* Supporting Files */ = {
			isa = PBXGroup;
			children = (
				4396489218C4E13200AB7069 /* CatMeme-Info.plist */,
				4396489318C4E13200AB7069 /* InfoPlist.strings */,
				4396489618C4E13200AB7069 /* main.m */,
				4396489818C4E13200AB7069 /* CatMeme-Prefix.pch */,
			);
			name = "Supporting Files";
			sourceTree = "<group>";
		};
		439648AF18C4E13200AB7069 /* CatMemeTests */ = {
			isa = PBXGroup;
			children = (
				439648B518C4E13200AB7069 /* CatMemeTests.m */,
				439648B018C4E13200AB7069 /* Supporting Files */,
			);
			path = CatMemeTests;
			sourceTree = "<group>";
		};
		439648B018C4E13200AB7069 /* Supporting Files */ = {
			isa = PBXGroup;
			children = (
				439648B118C4E13200AB7069 /* CatMemeTests-Info.plist */,
				439648B218C4E13200AB7069 /* InfoPlist.strings */,
			);
			name = "Supporting Files";
			sourceTree = "<group>";
		};
/* End PBXGroup section */

/* Begin PBXNativeTarget section */
		4396488618C4E13200AB7069 /* CatMeme */ = {
			isa = PBXNativeTarget;
			buildConfigurationList = 439648B918C4E13200AB7069 /* Build configuration list for PBXNativeTarget "CatMeme" */;
			buildPhases = (
				4396488318C4E13200AB7069 /* Sources */,
				4396488418C4E13200AB7069 /* Frameworks */,
				4396488518C4E13200AB7069 /* Resources */,
			);
			buildRules = (
			);
			dependencies = (
			);
			name = CatMeme;
			productName = CatMeme;
			productReference = 4396488718C4E13200AB7069 /* CatMeme.app */;
			productType = "com.apple.product-type.application";
		};
		439648A718C4E13200AB7069 /* CatMemeTests */ = {
			isa = PBXNativeTarget;
			buildConfigurationList = 439648BC18C4E13200AB7069 /* Build configuration list for PBXNativeTarget "CatMemeTests" */;
			buildPhases = (
				439648A418C4E13200AB7069 /* Sources */,
				439648A518C4E13200AB7069 /* Frameworks */,
				439648A618C4E13200AB7069 /* Resources */,
			);
			buildRules = (
			);
			dependencies = (
				439648AE18C4E13200AB7069 /* PBXTargetDependency */,
			);
			name = CatMemeTests;
			productName = CatMemeTests;
			productReference = 439648A818C4E13200AB7069 /* CatMemeTests.xctest */;
			productType = "com.apple.product-type.bundle.unit-test";
		};
/* End PBXNativeTarget section */

/* Begin PBXProject section */
		4396487F18C4E13200AB7069 /* Project object */ = {
			isa = PBXProject;
			attributes = {
				LastUpgradeCheck = 0500;
				ORGANIZATIONNAME = "Neil Dingman";
				TargetAttributes = {
					439648A718C4E13200AB7069 = {
						TestTargetID = 4396488618C4E13200AB7069;
					};
				};
			};
			buildConfigurationList = 4396488218C4E13200AB7069 /* Build configuration list for PBXProject "CatMeme" */;
			compatibilityVersion = "Xcode 3.2";
			developmentRegion = English;
			hasScannedForEncodings = 0;
			knownRegions = (
				en,
				Base,
			);
			mainGroup = 4396487E18C4E13200AB7069;
			productRefGroup = 4396488818C4E13200AB7069 /* Products */;
			projectDirPath = "";
			projectRoot = "";
			targets = (
				4396488618C4E13200AB7069 /* CatMeme */,
				439648A718C4E13200AB7069 /* CatMemeTests */,
			);
		};
/* End PBXProject section */

/* Begin PBXResourcesBuildPhase section */
		4396488518C4E13200AB7069 /* Resources */ = {
			isa = PBXResourcesBuildPhase;
			buildActionMask = 2147483647;
			files = (
				439648A318C4E13200AB7069 /* Images.xcassets in Resources */,
				4396489518C4E13200AB7069 /* InfoPlist.strings in Resources */,
				4396489E18C4E13200AB7069 /* Main.storyboard in Resources */,
			);
			runOnlyForDeploymentPostprocessing = 0;
		};
		439648A618C4E13200AB7069 /* Resources */ = {
			isa = PBXResourcesBuildPhase;
			buildActionMask = 2147483647;
			files = (
				439648B418C4E13200AB7069 /* InfoPlist.strings in Resources */,
			);
			runOnlyForDeploymentPostprocessing = 0;
		};
/* End PBXResourcesBuildPhase section */

/* Begin PBXSourcesBuildPhase section */
		4396488318C4E13200AB7069 /* Sources */ = {
			isa = PBXSourcesBuildPhase;
			buildActionMask = 2147483647;
			files = (
				439648A118C4E13200AB7069 /* ViewController.m in Sources */,
				4396489B18C4E13200AB7069 /* AppDelegate.m in Sources */,
				4396489718C4E13200AB7069 /* main.m in Sources */,
			);
			runOnlyForDeploymentPostprocessing = 0;
		};
		439648A418C4E13200AB7069 /* Sources */ = {
			isa = PBXSourcesBuildPhase;
			buildActionMask = 2147483647;
			files = (
				439648B618C4E13200AB7069 /* CatMemeTests.m in Sources */,
			);
			runOnlyForDeploymentPostprocessing = 0;
		};
/* End PBXSourcesBuildPhase section */

/* Begin PBXTargetDependency section */
		439648AE18C4E13200AB7069 /* PBXTargetDependency */ = {
			isa = PBXTargetDependency;
			target = 4396488618C4E13200AB7069 /* CatMeme */;
			targetProxy = 439648AD18C4E13200AB7069 /* PBXContainerItemProxy */;
		};
/* End PBXTargetDependency section */

/* Begin PBXVariantGroup section */
		4396489318C4E13200AB7069 /* InfoPlist.strings */ = {
			isa = PBXVariantGroup;
			children = (
				4396489418C4E13200AB7069 /* en */,
			);
			name = InfoPlist.strings;
			sourceTree = "<group>";
		};
		4396489C18C4E13200AB7069 /* Main.storyboard */ = {
			isa = PBXVariantGroup;
			children = (
				4396489D18C4E13200AB7069 /* Base */,
			);
			name = Main.storyboard;
			sourceTree = "<group>";
		};
		439648B218C4E13200AB7069 /* InfoPlist.strings */ = {
			isa = PBXVariantGroup;
			children = (
				439648B318C4E13200AB7069 /* en */,
			);
			name = InfoPlist.strings;
			sourceTree = "<group>";
		};
/* End PBXVariantGroup section */

/* Begin XCBuildConfiguration section */
		439648B718C4E13200AB7069 /* Debug */ = {
			isa = XCBuildConfiguration;
			buildSettings = {
				ALWAYS_SEARCH_USER_PATHS = NO;
				ARCHS = "$(ARCHS_STANDARD_INCLUDING_64_BIT)";
				CLANG_CXX_LANGUAGE_STANDARD = "gnu++0x";
				CLANG_CXX_LIBRARY = "libc++";
				CLANG_ENABLE_MODULES = YES;
				CLANG_ENABLE_OBJC_ARC = YES;
				CLANG_WARN_BOOL_CONVERSION = YES;
				CLANG_WARN_CONSTANT_CONVERSION = YES;
				CLANG_WARN_DIRECT_OBJC_ISA_USAGE = YES_ERROR;
				CLANG_WARN_EMPTY_BODY = YES;
				CLANG_WARN_ENUM_CONVERSION = YES;
				CLANG_WARN_INT_CONVERSION = YES;
				CLANG_WARN_OBJC_ROOT_CLASS = YES_ERROR;
				CLANG_WARN__DUPLICATE_METHOD_MATCH = YES;
				"CODE_SIGN_IDENTITY[sdk=iphoneos*]" = "iPhone Developer";
				COPY_PHASE_STRIP = NO;
				GCC_C_LANGUAGE_STANDARD = gnu99;
				GCC_DYNAMIC_NO_PIC = NO;
				GCC_OPTIMIZATION_LEVEL = 0;
				GCC_PREPROCESSOR_DEFINITIONS = (
					"DEBUG=1",
					"$(inherited)",
				);
				GCC_SYMBOLS_PRIVATE_EXTERN = NO;
				GCC_WARN_64_TO_32_BIT_CONVERSION = YES;
				GCC_WARN_ABOUT_RETURN_TYPE = YES_ERROR;
				GCC_WARN_UNDECLARED_SELECTOR = YES;
				GCC_WARN_UNINITIALIZED_AUTOS = YES;
				GCC_WARN_UNUSED_FUNCTION = YES;
				GCC_WARN_UNUSED_VARIABLE = YES;
				IPHONEOS_DEPLOYMENT_TARGET = 7.0;
				ONLY_ACTIVE_ARCH = YES;
				SDKROOT = iphoneos;
			};
			name = Debug;
		};
		439648B818C4E13200AB7069 /* Release */ = {
			isa = XCBuildConfiguration;
			buildSettings = {
				ALWAYS_SEARCH_USER_PATHS = NO;
				ARCHS = "$(ARCHS_STANDARD_INCLUDING_64_BIT)";
				CLANG_CXX_LANGUAGE_STANDARD = "gnu++0x";
				CLANG_CXX_LIBRARY = "libc++";
				CLANG_ENABLE_MODULES = YES;
				CLANG_ENABLE_OBJC_ARC = YES;
				CLANG_WARN_BOOL_CONVERSION = YES;
				CLANG_WARN_CONSTANT_CONVERSION = YES;
				CLANG_WARN_DIRECT_OBJC_ISA_USAGE = YES_ERROR;
				CLANG_WARN_EMPTY_BODY = YES;
				CLANG_WARN_ENUM_CONVERSION = YES;
				CLANG_WARN_INT_CONVERSION = YES;
				CLANG_WARN_OBJC_ROOT_CLASS = YES_ERROR;
				CLANG_WARN__DUPLICATE_METHOD_MATCH = YES;
				"CODE_SIGN_IDENTITY[sdk=iphoneos*]" = "iPhone Developer";
				COPY_PHASE_STRIP = YES;
				ENABLE_NS_ASSERTIONS = NO;
				GCC_C_LANGUAGE_STANDARD = gnu99;
				GCC_WARN_64_TO_32_BIT_CONVERSION = YES;
				GCC_WARN_ABOUT_RETURN_TYPE = YES_ERROR;
				GCC_WARN_UNDECLARED_SELECTOR = YES;
				GCC_WARN_UNINITIALIZED_AUTOS = YES;
				GCC_WARN_UNUSED_FUNCTION = YES;
				GCC_WARN_UNUSED_VARIABLE = YES;
				IPHONEOS_DEPLOYMENT_TARGET = 7.0;
				SDKROOT = iphoneos;
				VALIDATE_PRODUCT = YES;
			};
			name = Release;
		};
		439648BA18C4E13200AB7069 /* Debug */ = {
			isa = XCBuildConfiguration;
			buildSettings = {
				ASSETCATALOG_COMPILER_APPICON_NAME = AppIcon;
				ASSETCATALOG_COMPILER_LAUNCHIMAGE_NAME = LaunchImage;
				GCC_PRECOMPILE_PREFIX_HEADER = YES;
				GCC_PREFIX_HEADER = "CatMeme/CatMeme-Prefix.pch";
				INFOPLIST_FILE = "CatMeme/CatMeme-Info.plist";
				PRODUCT_NAME = "$(TARGET_NAME)";
				WRAPPER_EXTENSION = app;
			};
			name = Debug;
		};
		439648BB18C4E13200AB7069 /* Release */ = {
			isa = XCBuildConfiguration;
			buildSettings = {
				ASSETCATALOG_COMPILER_APPICON_NAME = AppIcon;
				ASSETCATALOG_COMPILER_LAUNCHIMAGE_NAME = LaunchImage;
				GCC_PRECOMPILE_PREFIX_HEADER = YES;
				GCC_PREFIX_HEADER = "CatMeme/CatMeme-Prefix.pch";
				INFOPLIST_FILE = "CatMeme/CatMeme-Info.plist";
				PRODUCT_NAME = "$(TARGET_NAME)";
				WRAPPER_EXTENSION = app;
			};
			name = Release;
		};
		439648BD18C4E13200AB7069 /* Debug */ = {
			isa = XCBuildConfiguration;
			buildSettings = {
				ARCHS = "$(ARCHS_STANDARD_INCLUDING_64_BIT)";
				BUNDLE_LOADER = "$(BUILT_PRODUCTS_DIR)/CatMeme.app/CatMeme";
				FRAMEWORK_SEARCH_PATHS = (
					"$(SDKROOT)/Developer/Library/Frameworks",
					"$(inherited)",
					"$(DEVELOPER_FRAMEWORKS_DIR)",
				);
				GCC_PRECOMPILE_PREFIX_HEADER = YES;
				GCC_PREFIX_HEADER = "CatMeme/CatMeme-Prefix.pch";
				GCC_PREPROCESSOR_DEFINITIONS = (
					"DEBUG=1",
					"$(inherited)",
				);
				INFOPLIST_FILE = "CatMemeTests/CatMemeTests-Info.plist";
				PRODUCT_NAME = "$(TARGET_NAME)";
				TEST_HOST = "$(BUNDLE_LOADER)";
				WRAPPER_EXTENSION = xctest;
			};
			name = Debug;
		};
		439648BE18C4E13200AB7069 /* Release */ = {
			isa = XCBuildConfiguration;
			buildSettings = {
				ARCHS = "$(ARCHS_STANDARD_INCLUDING_64_BIT)";
				BUNDLE_LOADER = "$(BUILT_PRODUCTS_DIR)/CatMeme.app/CatMeme";
				FRAMEWORK_SEARCH_PATHS = (
					"$(SDKROOT)/Developer/Library/Frameworks",
					"$(inherited)",
					"$(DEVELOPER_FRAMEWORKS_DIR)",
				);
				GCC_PRECOMPILE_PREFIX_HEADER = YES;
				GCC_PREFIX_HEADER = "CatMeme/CatMeme-Prefix.pch";
				INFOPLIST_FILE = "CatMemeTests/CatMemeTests-Info.plist";
				PRODUCT_NAME = "$(TARGET_NAME)";
				TEST_HOST = "$(BUNDLE_LOADER)";
				WRAPPER_EXTENSION = xctest;
			};
			name = Release;
		};
/* End XCBuildConfiguration section */

/* Begin XCConfigurationList section */
		4396488218C4E13200AB7069 /* Build configuration list for PBXProject "CatMeme" */ = {
			isa = XCConfigurationList;
			buildConfigurations = (
				439648B718C4E13200AB7069 /* Debug */,
				439648B818C4E13200AB7069 /* Release */,
			);
			defaultConfigurationIsVisible = 0;
			defaultConfigurationName = Release;
		};
		439648B918C4E13200AB7069 /* Build configuration list for PBXNativeTarget "CatMeme" */ = {
			isa = XCConfigurationList;
			buildConfigurations = (
				439648BA18C4E13200AB7069 /* Debug */,
				439648BB18C4E13200AB7069 /* Release */,
			);
			defaultConfigurationIsVisible = 0;
		};
		439648BC18C4E13200AB7069 /* Build configuration list for PBXNativeTarget "CatMemeTests" */ = {
			isa = XCConfigurationList;
			buildConfigurations = (
				439648BD18C4E13200AB7069 /* Debug */,
				439648BE18C4E13200AB7069 /* Release */,
			);
			defaultConfigurationIsVisible = 0;
		};
/* End XCConfigurationList section */
	};
	rootObject = 4396487F18C4E13200AB7069 /* Project object */;
}
